
Microsoft Visual Studio Solution File, Format Version 12.00
# Visual Studio Version 17
VisualStudioVersion = 17.8.34309.116
MinimumVisualStudioVersion = 10.0.40219.1
Project("{9A19103F-16F7-4668-BE54-9A1E7A4F7556}") = "Willow.WhisperServer", "Willow.WhisperServer\Willow.WhisperServer.csproj", "{E0DEB9DE-CB0C-4353-ABF9-3558A8BCE3C2}"
EndProject
Project("{9A19103F-16F7-4668-BE54-9A1E7A4F7556}") = "TestEntry", "TestEntry\TestEntry.csproj", "{040539A1-7887-4AF6-9827-05FCC4AF715E}"
EndProject
Project("{2150E333-8FDC-42A3-9474-1A3956D46DE8}") = "Solution Items", "Solution Items", "{93B58197-4C6C-4EF1-BC67-60743C03FB45}"
	ProjectSection(SolutionItems) = preProject
		.editorconfig = .editorconfig
	EndProjectSection
EndProject
Project("{9A19103F-16F7-4668-BE54-9A1E7A4F7556}") = "Tests", "Tests\Tests.csproj", "{B6F94F99-63E9-493D-9552-376A3D407EC7}"
EndProject
Project("{2150E333-8FDC-42A3-9474-1A3956D46DE8}") = "Docs", "Docs", "{6FCA3B24-EF60-46BB-BF95-93B32476B5AC}"
	ProjectSection(SolutionItems) = preProject
		Docs\Blocking.md = Docs\Blocking.md
		Docs\Command_Processing_Module_TODO.md = Docs\Command_Processing_Module_TODO.md
		Docs\Command_Syntax.md = Docs\Command_Syntax.md
		Docs\Scripting_Interface_Module_TODO.md = Docs\Scripting_Interface_Module_TODO.md
		Docs\Voice_Recognition_Module_TODO.md = Docs\Voice_Recognition_Module_TODO.md
		Docs\Core_TODO.md = Docs\Core_TODO.md
	EndProjectSection
EndProject
Project("{FAE04EC0-301F-11D3-BF4B-00C04F79EFBC}") = "Willow.Core", "Willow.Core\Willow.Core.csproj", "{9443C7F9-914C-4144-BB3C-84DF37530F98}"
EndProject
Project("{FAE04EC0-301F-11D3-BF4B-00C04F79EFBC}") = "Willow.DeviceAutomation", "Willow.DeviceAutomation\Willow.DeviceAutomation.csproj", "{8224CEEA-E50B-4154-BE6B-94BF4ECE7219}"
EndProject
Project("{FAE04EC0-301F-11D3-BF4B-00C04F79EFBC}") = "Willow.BuiltInCommands", "Willow.BuiltInCommands\Willow.BuiltInCommands.csproj", "{A7A84E29-7C84-49A3-93FD-CC0A28D8E388}"
EndProject
Project("{FAE04EC0-301F-11D3-BF4B-00C04F79EFBC}") = "Benchmarks", "Benchmarks\Benchmarks.csproj", "{CEF3329F-2338-485C-B51F-BF9699BC456A}"
EndProject
Project("{FAE04EC0-301F-11D3-BF4B-00C04F79EFBC}") = "Willow.Speech", "Willow.Speech\Willow.Speech.csproj", "{7FC20A8E-1CFB-4377-B6F4-B5E1F34AB260}"
EndProject
Project("{FAE04EC0-301F-11D3-BF4B-00C04F79EFBC}") = "Willow.Helpers", "Willow.Helpers\Willow.Helpers.csproj", "{93222A04-C04C-49E1-A9FD-092598F8FA5E}"
EndProject
Project("{FAE04EC0-301F-11D3-BF4B-00C04F79EFBC}") = "Willow.Vosk", "Willow.Vosk\Willow.Vosk.csproj", "{CE5017B0-B030-4197-9539-BB652972FB3F}"
EndProject
Global
	GlobalSection(SolutionConfigurationPlatforms) = preSolution
		Debug|Any CPU = Debug|Any CPU
		Release|Any CPU = Release|Any CPU
	EndGlobalSection
	GlobalSection(ProjectConfigurationPlatforms) = postSolution
		{E0DEB9DE-CB0C-4353-ABF9-3558A8BCE3C2}.Debug|Any CPU.ActiveCfg = Debug|Any CPU
		{E0DEB9DE-CB0C-4353-ABF9-3558A8BCE3C2}.Debug|Any CPU.Build.0 = Debug|Any CPU
		{E0DEB9DE-CB0C-4353-ABF9-3558A8BCE3C2}.Release|Any CPU.ActiveCfg = Release|Any CPU
		{E0DEB9DE-CB0C-4353-ABF9-3558A8BCE3C2}.Release|Any CPU.Build.0 = Release|Any CPU
		{040539A1-7887-4AF6-9827-05FCC4AF715E}.Debug|Any CPU.ActiveCfg = Debug|Any CPU
		{040539A1-7887-4AF6-9827-05FCC4AF715E}.Debug|Any CPU.Build.0 = Debug|Any CPU
		{040539A1-7887-4AF6-9827-05FCC4AF715E}.Release|Any CPU.ActiveCfg = Release|Any CPU
		{040539A1-7887-4AF6-9827-05FCC4AF715E}.Release|Any CPU.Build.0 = Release|Any CPU
		{B6F94F99-63E9-493D-9552-376A3D407EC7}.Debug|Any CPU.ActiveCfg = Debug|Any CPU
		{B6F94F99-63E9-493D-9552-376A3D407EC7}.Debug|Any CPU.Build.0 = Debug|Any CPU
		{B6F94F99-63E9-493D-9552-376A3D407EC7}.Release|Any CPU.ActiveCfg = Release|Any CPU
		{B6F94F99-63E9-493D-9552-376A3D407EC7}.Release|Any CPU.Build.0 = Release|Any CPU
		{9443C7F9-914C-4144-BB3C-84DF37530F98}.Debug|Any CPU.ActiveCfg = Debug|Any CPU
		{9443C7F9-914C-4144-BB3C-84DF37530F98}.Debug|Any CPU.Build.0 = Debug|Any CPU
		{9443C7F9-914C-4144-BB3C-84DF37530F98}.Release|Any CPU.ActiveCfg = Release|Any CPU
		{9443C7F9-914C-4144-BB3C-84DF37530F98}.Release|Any CPU.Build.0 = Release|Any CPU
		{8224CEEA-E50B-4154-BE6B-94BF4ECE7219}.Debug|Any CPU.ActiveCfg = Debug|Any CPU
		{8224CEEA-E50B-4154-BE6B-94BF4ECE7219}.Debug|Any CPU.Build.0 = Debug|Any CPU
		{8224CEEA-E50B-4154-BE6B-94BF4ECE7219}.Release|Any CPU.ActiveCfg = Release|Any CPU
		{8224CEEA-E50B-4154-BE6B-94BF4ECE7219}.Release|Any CPU.Build.0 = Release|Any CPU
		{A7A84E29-7C84-49A3-93FD-CC0A28D8E388}.Debug|Any CPU.ActiveCfg = Debug|Any CPU
		{A7A84E29-7C84-49A3-93FD-CC0A28D8E388}.Debug|Any CPU.Build.0 = Debug|Any CPU
		{A7A84E29-7C84-49A3-93FD-CC0A28D8E388}.Release|Any CPU.ActiveCfg = Release|Any CPU
		{A7A84E29-7C84-49A3-93FD-CC0A28D8E388}.Release|Any CPU.Build.0 = Release|Any CPU
		{CEF3329F-2338-485C-B51F-BF9699BC456A}.Debug|Any CPU.ActiveCfg = Debug|Any CPU
		{CEF3329F-2338-485C-B51F-BF9699BC456A}.Debug|Any CPU.Build.0 = Debug|Any CPU
		{CEF3329F-2338-485C-B51F-BF9699BC456A}.Release|Any CPU.ActiveCfg = Release|Any CPU
		{CEF3329F-2338-485C-B51F-BF9699BC456A}.Release|Any CPU.Build.0 = Release|Any CPU
		{7FC20A8E-1CFB-4377-B6F4-B5E1F34AB260}.Debug|Any CPU.ActiveCfg = Debug|Any CPU
		{7FC20A8E-1CFB-4377-B6F4-B5E1F34AB260}.Debug|Any CPU.Build.0 = Debug|Any CPU
		{7FC20A8E-1CFB-4377-B6F4-B5E1F34AB260}.Release|Any CPU.ActiveCfg = Release|Any CPU
		{7FC20A8E-1CFB-4377-B6F4-B5E1F34AB260}.Release|Any CPU.Build.0 = Release|Any CPU
		{93222A04-C04C-49E1-A9FD-092598F8FA5E}.Debug|Any CPU.ActiveCfg = Debug|Any CPU
		{93222A04-C04C-49E1-A9FD-092598F8FA5E}.Debug|Any CPU.Build.0 = Debug|Any CPU
		{93222A04-C04C-49E1-A9FD-092598F8FA5E}.Release|Any CPU.ActiveCfg = Release|Any CPU
		{93222A04-C04C-49E1-A9FD-092598F8FA5E}.Release|Any CPU.Build.0 = Release|Any CPU
		{CE5017B0-B030-4197-9539-BB652972FB3F}.Debug|Any CPU.ActiveCfg = Debug|Any CPU
		{CE5017B0-B030-4197-9539-BB652972FB3F}.Debug|Any CPU.Build.0 = Debug|Any CPU
		{CE5017B0-B030-4197-9539-BB652972FB3F}.Release|Any CPU.ActiveCfg = Release|Any CPU
		{CE5017B0-B030-4197-9539-BB652972FB3F}.Release|Any CPU.Build.0 = Release|Any CPU
	EndGlobalSection
	GlobalSection(SolutionProperties) = preSolution
		HideSolutionNode = FALSE
	EndGlobalSection
	GlobalSection(NestedProjects) = preSolution
	EndGlobalSection
	GlobalSection(ExtensibilityGlobals) = postSolution
		SolutionGuid = {6EEA186D-C3DC-4350-ADD7-E9EE7C0BCD47}
	EndGlobalSection
EndGlobal
